Microsoft Visual Studio Solution File, Format Version 11.00
# Visual Studio 2008

Project("{9BB04647-BF25-7B76-3348-39B73880997F}") = "SavePhone", "Assembly-CSharp-vs.csproj", "{85567FC1-6ECA-46E9-5E54-EF5D13814294}"
EndProject
Project("{9BB04647-BF25-7B76-3348-39B73880997F}") = "SavePhone", "Assembly-CSharp-Editor-vs.csproj", "{D4B0603C-8FDF-CC99-9928-8349B4EF334D}"
EndProject
Global
	GlobalSection(SolutionConfigurationPlatforms) = preSolution
		Debug|Any CPU = Debug|Any CPU
		Release|Any CPU = Release|Any CPU
	EndGlobalSection
	GlobalSection(ProjectConfigurationPlatforms) = postSolution
		{85567FC1-6ECA-46E9-5E54-EF5D13814294}.Debug|Any CPU.ActiveCfg = Debug|Any CPU
		{85567FC1-6ECA-46E9-5E54-EF5D13814294}.Debug|Any CPU.Build.0 = Debug|Any CPU
		{85567FC1-6ECA-46E9-5E54-EF5D13814294}.Release|Any CPU.ActiveCfg = Release|Any CPU
		{85567FC1-6ECA-46E9-5E54-EF5D13814294}.Release|Any CPU.Build.0 = Release|Any CPU
		{D4B0603C-8FDF-CC99-9928-8349B4EF334D}.Debug|Any CPU.ActiveCfg = Debug|Any CPU
		{D4B0603C-8FDF-CC99-9928-8349B4EF334D}.Debug|Any CPU.Build.0 = Debug|Any CPU
		{D4B0603C-8FDF-CC99-9928-8349B4EF334D}.Release|Any CPU.ActiveCfg = Release|Any CPU
		{D4B0603C-8FDF-CC99-9928-8349B4EF334D}.Release|Any CPU.Build.0 = Release|Any CPU
	EndGlobalSection
	GlobalSection(SolutionProperties) = preSolution
		HideSolutionNode = FALSE
	EndGlobalSection
																																																																																																																							GlobalSection(MonoDevelopProperties) = preSolution
		StartupItem = Assembly-CSharp.csproj
		Policies = $0
		$0.TextStylePolicy = $1
		$1.inheritsSet = null
		$1.scope = text/x-csharp
		$0.CSharpFormattingPolicy = $2
		$2.inheritsSet = Mono
		$2.inheritsScope = text/x-csharp
		$2.scope = text/x-csharp
		$0.TextStylePolicy = $3
		$3.FileWidth = 120
		$3.TabWidth = 4
		$3.IndentWidth = 4
		$3.EolMarker = Unix
		$3.inheritsSet = Mono
		$3.inheritsScope = text/plain
		$3.scope = text/plain
	EndGlobalSection

EndGlobal
